
Microsoft Visual Studio Solution File, Format Version 12.00
# Visual Studio 2013
VisualStudioVersion = 12.0.31101.0
MinimumVisualStudioVersion = 10.0.40219.1
Project("{FAE04EC0-301F-11D3-BF4B-00C04F79EFBC}") = "Our.Umbraco.Ditto", "Our.Umbraco.Ditto\Our.Umbraco.Ditto.csproj", "{3A2482A4-AD19-4C26-A449-4287DA07AB16}"
EndProject
Project("{2150E333-8FDC-42A3-9474-1A3956D46DE8}") = "Solution Items", "Solution Items", "{6CF4E7DA-6359-479E-A64D-2023C743BA1C}"
	ProjectSection(SolutionItems) = preProject
		..\CONTRIBUTING.md = ..\CONTRIBUTING.md
		..\LICENSE.md = ..\LICENSE.md
		..\README.md = ..\README.md
	EndProjectSection
EndProject
Project("{2150E333-8FDC-42A3-9474-1A3956D46DE8}") = "BuildPackage", "BuildPackage", "{302C02F0-CA95-430F-BD43-82D0CCEC08A3}"
	ProjectSection(SolutionItems) = preProject
		..\appveyor.yml = ..\appveyor.yml
		..\BuildPackage\Build.bat = ..\BuildPackage\Build.bat
		..\BuildPackage\package.nuspec = ..\BuildPackage\package.nuspec
		..\BuildPackage\package.proj = ..\BuildPackage\package.proj
		..\BuildPackage\Package.xml = ..\BuildPackage\Package.xml
		..\BuildPackage\Test.bat = ..\BuildPackage\Test.bat
	EndProjectSection
EndProject
Global
	GlobalSection(SolutionConfigurationPlatforms) = preSolution
		Debug|Any CPU = Debug|Any CPU
		Release|Any CPU = Release|Any CPU
	EndGlobalSection
	GlobalSection(ProjectConfigurationPlatforms) = postSolution
		{3A2482A4-AD19-4C26-A449-4287DA07AB16}.Debug|Any CPU.ActiveCfg = Debug|Any CPU
		{3A2482A4-AD19-4C26-A449-4287DA07AB16}.Debug|Any CPU.Build.0 = Debug|Any CPU
		{3A2482A4-AD19-4C26-A449-4287DA07AB16}.Release|Any CPU.ActiveCfg = Release|Any CPU
		{3A2482A4-AD19-4C26-A449-4287DA07AB16}.Release|Any CPU.Build.0 = Release|Any CPU
	EndGlobalSection
	GlobalSection(SolutionProperties) = preSolution
		HideSolutionNode = FALSE
	EndGlobalSection
	GlobalSection(NestedProjects) = preSolution
		{302C02F0-CA95-430F-BD43-82D0CCEC08A3} = {6CF4E7DA-6359-479E-A64D-2023C743BA1C}
	EndGlobalSection
EndGlobal
