
Microsoft Visual Studio Solution File, Format Version 12.00
# Visual Studio 2012
Project("{FAE04EC0-301F-11D3-BF4B-00C04F79EFBC}") = "Our.Umbraco.Ditto", "Our.Umbraco.Ditto\Our.Umbraco.Ditto.csproj", "{3A2482A4-AD19-4C26-A449-4287DA07AB16}"
EndProject
Project("{2150E333-8FDC-42A3-9474-1A3956D46DE8}") = ".nuget", ".nuget", "{7D553013-FD27-46E7-BEFF-27593BD4E294}"
	ProjectSection(SolutionItems) = preProject
		.nuget\NuGet.Config = .nuget\NuGet.Config
		.nuget\NuGet.exe = .nuget\NuGet.exe
		.nuget\NuGet.targets = .nuget\NuGet.targets
	EndProjectSection
EndProject
Project("{2150E333-8FDC-42A3-9474-1A3956D46DE8}") = "Package", "Package", "{21985AFE-1750-4723-BAEC-210C8B5FE215}"
	ProjectSection(SolutionItems) = preProject
		..\package\package.proj = ..\package\package.proj
		..\package\package.txt = ..\package\package.txt
		..\package\package.xml = ..\package\package.xml
	EndProjectSection
EndProject
Project("{2150E333-8FDC-42A3-9474-1A3956D46DE8}") = "Solution Items", "Solution Items", "{6CF4E7DA-6359-479E-A64D-2023C743BA1C}"
EndProject
Global
	GlobalSection(SolutionConfigurationPlatforms) = preSolution
		Debug|Any CPU = Debug|Any CPU
		Release|Any CPU = Release|Any CPU
	EndGlobalSection
	GlobalSection(ProjectConfigurationPlatforms) = postSolution
		{3A2482A4-AD19-4C26-A449-4287DA07AB16}.Debug|Any CPU.ActiveCfg = Debug|Any CPU
		{3A2482A4-AD19-4C26-A449-4287DA07AB16}.Debug|Any CPU.Build.0 = Debug|Any CPU
		{3A2482A4-AD19-4C26-A449-4287DA07AB16}.Release|Any CPU.ActiveCfg = Release|Any CPU
		{3A2482A4-AD19-4C26-A449-4287DA07AB16}.Release|Any CPU.Build.0 = Release|Any CPU
	EndGlobalSection
	GlobalSection(SolutionProperties) = preSolution
		HideSolutionNode = FALSE
	EndGlobalSection
	GlobalSection(NestedProjects) = preSolution
		{7D553013-FD27-46E7-BEFF-27593BD4E294} = {6CF4E7DA-6359-479E-A64D-2023C743BA1C}
		{21985AFE-1750-4723-BAEC-210C8B5FE215} = {6CF4E7DA-6359-479E-A64D-2023C743BA1C}
	EndGlobalSection
EndGlobal
